
Microsoft Visual Studio Solution File, Format Version 12.00
# Visual Studio Version 17
VisualStudioVersion = 17.3.32825.248
MinimumVisualStudioVersion = 10.0.40219.1
Project("{FAE04EC0-301F-11D3-BF4B-00C04F79EFBC}") = "ПР_1", "ПР_1\ПР_1.csproj", "{105BB679-9FCB-4BA0-868B-A2F8EDEB89CB}"
EndProject
Global
	GlobalSection(SolutionConfigurationPlatforms) = preSolution
		Debug|Any CPU = Debug|Any CPU
		Release|Any CPU = Release|Any CPU
	EndGlobalSection
	GlobalSection(ProjectConfigurationPlatforms) = postSolution
		{105BB679-9FCB-4BA0-868B-A2F8EDEB89CB}.Debug|Any CPU.ActiveCfg = Debug|Any CPU
		{105BB679-9FCB-4BA0-868B-A2F8EDEB89CB}.Debug|Any CPU.Build.0 = Debug|Any CPU
		{105BB679-9FCB-4BA0-868B-A2F8EDEB89CB}.Release|Any CPU.ActiveCfg = Release|Any CPU
		{105BB679-9FCB-4BA0-868B-A2F8EDEB89CB}.Release|Any CPU.Build.0 = Release|Any CPU
	EndGlobalSection
	GlobalSection(SolutionProperties) = preSolution
		HideSolutionNode = FALSE
	EndGlobalSection
	GlobalSection(ExtensibilityGlobals) = postSolution
		SolutionGuid = {4D7A27A8-F3D9-434C-8964-915D173B313A}
	EndGlobalSection
EndGlobal
